{
  "todotree": {
    "tree": [],
    "expandKeys": [],
    "schema": "https://github.com/Saber2pr/vsc-ext-todolist/blob/master/src/api/type.ts#L3",
    "add_mode": "bottom",
    "virtual": false,
    "showLine": false,
    "playFontSize": 24,
    "title": "yarn",
    "autoSort": false,
    "showEndTime": false,
    "lang": "en",
    "version": "1687834781365"
  }
}